{
	"name": "ntm-slack-reminders",
	"version": "1.0.0",
	"lockfileVersion": 2,
	"requires": true,
	"packages": {
		"": {
			"name": "ntm-slack-reminders",
			"version": "1.0.0",
			"license": "ISC",
			"dependencies": {
				"dotenv": "^16.0.3",
				"slack-notify": "^2.0.6"
			}
		},
		"node_modules/dotenv": {
			"version": "16.0.3",
			"resolved": "https://registry.npmjs.org/dotenv/-/dotenv-16.0.3.tgz",
			"integrity": "sha512-7GO6HghkA5fYG9TYnNxi14/7K9f5occMlp3zXAuSxn7CKCxt9xbNWG7yF8hTCSUchlfWSe3uLmlPfigevRItzQ==",
			"engines": {
				"node": ">=12"
			}
		},
		"node_modules/slack-notify": {
			"version": "2.0.6",
			"resolved": "https://registry.npmjs.org/slack-notify/-/slack-notify-2.0.6.tgz",
			"integrity": "sha512-9JJGBzdODgcIgtx5unQZX9yHx9ckM5kXkSJHhU//Eh1rj7vhAK6L89ElXU5ftprID2qbcMADPuzyu4XEp/142Q==",
			"engines": {
				"node": ">=13.2.x"
			}
		}
	},
	"dependencies": {
		"dotenv": {
			"version": "16.0.3",
			"resolved": "https://registry.npmjs.org/dotenv/-/dotenv-16.0.3.tgz",
			"integrity": "sha512-7GO6HghkA5fYG9TYnNxi14/7K9f5occMlp3zXAuSxn7CKCxt9xbNWG7yF8hTCSUchlfWSe3uLmlPfigevRItzQ=="
		},
		"slack-notify": {
			"version": "2.0.6",
			"resolved": "https://registry.npmjs.org/slack-notify/-/slack-notify-2.0.6.tgz",
			"integrity": "sha512-9JJGBzdODgcIgtx5unQZX9yHx9ckM5kXkSJHhU//Eh1rj7vhAK6L89ElXU5ftprID2qbcMADPuzyu4XEp/142Q=="
		}
	}
}
